{
  "name": "node-red-contrib-mediasoup",
  "version": "0.0.1",
  "lockfileVersion": 2,
  "requires": true,
  "packages": {
    "": {
      "name": "node-red-contrib-mediasoup",
      "version": "0.0.1",
      "license": "MIT",
      "dependencies": {
        "mediasoup": "^3.9.10"
      }
    },
    "node_modules/@types/node": {
      "version": "16.11.36",
      "resolved": "https://registry.npmjs.org/@types/node/-/node-16.11.36.tgz",
      "integrity": "sha512-FR5QJe+TaoZ2GsMHkjuwoNabr+UrJNRr2HNOo+r/7vhcuntM6Ee/pRPOnRhhL2XE9OOvX9VLEq+BcXl3VjNoWA=="
    },
    "node_modules/debug": {
      "version": "4.3.4",
      "resolved": "https://registry.npmjs.org/debug/-/debug-4.3.4.tgz",
      "integrity": "sha512-PRWFHuSU3eDtQJPvnNY7Jcket1j0t5OuOsFzPPzsekD52Zl8qUfFIPEiswXqIvHWGVHOgX+7G/vCNNhehwxfkQ==",
      "dependencies": {
        "ms": "2.1.2"
      },
      "engines": {
        "node": ">=6.0"
      },
      "peerDependenciesMeta": {
        "supports-color": {
          "optional": true
        }
      }
    },
    "node_modules/h264-profile-level-id": {
      "version": "1.0.1",
      "resolved": "https://registry.npmjs.org/h264-profile-level-id/-/h264-profile-level-id-1.0.1.tgz",
      "integrity": "sha512-D3Rln/jKNjKDW5ZTJTK3niSoOGE+pFqPvRHHVgQN3G7umcn/zWGPUo8Q8VpDj16x3hKz++zVviRNRmXu5cpN+Q==",
      "dependencies": {
        "debug": "^4.1.1"
      },
      "engines": {
        "node": ">=8.0.0"
      }
    },
    "node_modules/mediasoup": {
      "version": "3.9.15",
      "resolved": "https://registry.npmjs.org/mediasoup/-/mediasoup-3.9.15.tgz",
      "integrity": "sha512-0mtp5s4GMie1C+xytddNSmG5/cKif+vdTmUaRaPbwvMZ9qUOU1Qncx15DHt1pbkg5ykk+9xGFh54dX7Gi1VCwA==",
      "hasInstallScript": true,
      "dependencies": {
        "@types/node": "^16.11.10",
        "debug": "^4.3.4",
        "h264-profile-level-id": "^1.0.1",
        "supports-color": "^9.2.2",
        "uuid": "^8.3.2"
      },
      "engines": {
        "node": ">=12"
      },
      "funding": {
        "type": "opencollective",
        "url": "https://opencollective.com/mediasoup"
      }
    },
    "node_modules/ms": {
      "version": "2.1.2",
      "resolved": "https://registry.npmjs.org/ms/-/ms-2.1.2.tgz",
      "integrity": "sha512-sGkPx+VjMtmA6MX27oA4FBFELFCZZ4S4XqeGOXCv68tT+jb3vk/RyaKWP0PTKyWtmLSM0b+adUTEvbs1PEaH2w=="
    },
    "node_modules/supports-color": {
      "version": "9.2.2",
      "resolved": "https://registry.npmjs.org/supports-color/-/supports-color-9.2.2.tgz",
      "integrity": "sha512-XC6g/Kgux+rJXmwokjm9ECpD6k/smUoS5LKlUCcsYr4IY3rW0XyAympon2RmxGrlnZURMpg5T18gWDP9CsHXFA==",
      "engines": {
        "node": ">=12"
      },
      "funding": {
        "url": "https://github.com/chalk/supports-color?sponsor=1"
      }
    },
    "node_modules/uuid": {
      "version": "8.3.2",
      "resolved": "https://registry.npmjs.org/uuid/-/uuid-8.3.2.tgz",
      "integrity": "sha512-+NYs2QeMWy+GWFOEm9xnn6HCDp0l7QBD7ml8zLUmJ+93Q5NF0NocErnwkTkXVFNiX3/fpC6afS8Dhb/gz7R7eg==",
      "bin": {
        "uuid": "dist/bin/uuid"
      }
    }
  },
  "dependencies": {
    "@types/node": {
      "version": "16.11.36",
      "resolved": "https://registry.npmjs.org/@types/node/-/node-16.11.36.tgz",
      "integrity": "sha512-FR5QJe+TaoZ2GsMHkjuwoNabr+UrJNRr2HNOo+r/7vhcuntM6Ee/pRPOnRhhL2XE9OOvX9VLEq+BcXl3VjNoWA=="
    },
    "debug": {
      "version": "4.3.4",
      "resolved": "https://registry.npmjs.org/debug/-/debug-4.3.4.tgz",
      "integrity": "sha512-PRWFHuSU3eDtQJPvnNY7Jcket1j0t5OuOsFzPPzsekD52Zl8qUfFIPEiswXqIvHWGVHOgX+7G/vCNNhehwxfkQ==",
      "requires": {
        "ms": "2.1.2"
      }
    },
    "h264-profile-level-id": {
      "version": "1.0.1",
      "resolved": "https://registry.npmjs.org/h264-profile-level-id/-/h264-profile-level-id-1.0.1.tgz",
      "integrity": "sha512-D3Rln/jKNjKDW5ZTJTK3niSoOGE+pFqPvRHHVgQN3G7umcn/zWGPUo8Q8VpDj16x3hKz++zVviRNRmXu5cpN+Q==",
      "requires": {
        "debug": "^4.1.1"
      }
    },
    "mediasoup": {
      "version": "3.9.15",
      "resolved": "https://registry.npmjs.org/mediasoup/-/mediasoup-3.9.15.tgz",
      "integrity": "sha512-0mtp5s4GMie1C+xytddNSmG5/cKif+vdTmUaRaPbwvMZ9qUOU1Qncx15DHt1pbkg5ykk+9xGFh54dX7Gi1VCwA==",
      "requires": {
        "@types/node": "^16.11.10",
        "debug": "^4.3.4",
        "h264-profile-level-id": "^1.0.1",
        "supports-color": "^9.2.2",
        "uuid": "^8.3.2"
      }
    },
    "ms": {
      "version": "2.1.2",
      "resolved": "https://registry.npmjs.org/ms/-/ms-2.1.2.tgz",
      "integrity": "sha512-sGkPx+VjMtmA6MX27oA4FBFELFCZZ4S4XqeGOXCv68tT+jb3vk/RyaKWP0PTKyWtmLSM0b+adUTEvbs1PEaH2w=="
    },
    "supports-color": {
      "version": "9.2.2",
      "resolved": "https://registry.npmjs.org/supports-color/-/supports-color-9.2.2.tgz",
      "integrity": "sha512-XC6g/Kgux+rJXmwokjm9ECpD6k/smUoS5LKlUCcsYr4IY3rW0XyAympon2RmxGrlnZURMpg5T18gWDP9CsHXFA=="
    },
    "uuid": {
      "version": "8.3.2",
      "resolved": "https://registry.npmjs.org/uuid/-/uuid-8.3.2.tgz",
      "integrity": "sha512-+NYs2QeMWy+GWFOEm9xnn6HCDp0l7QBD7ml8zLUmJ+93Q5NF0NocErnwkTkXVFNiX3/fpC6afS8Dhb/gz7R7eg=="
    }
  }
}
